# This file is automatically @generated by Cargo.
# It is not intended for manual editing.
version = 3

[[package]]
name = "cool_asserts"
version = "2.0.3"
source = "registry+https://github.com/rust-lang/crates.io-index"
checksum = "ee9f254e53f61e2688d3677fa2cbe4e9b950afd56f48819c98817417cf6b28ec"
dependencies = [
 "indent_write",
]

[[package]]
name = "indent_write"
version = "2.2.0"
source = "registry+https://github.com/rust-lang/crates.io-index"
checksum = "0cfe9645a18782869361d9c8732246be7b410ad4e919d3609ebabdac00ba12c3"

[[package]]
name = "rust_hashmap"
version = "0.1.0"
dependencies = [
 "cool_asserts",
]
